
Microsoft Visual Studio Solution File, Format Version 12.00
# Visual Studio Version 17
VisualStudioVersion = 17.9.34622.214
MinimumVisualStudioVersion = 10.0.40219.1
Project("{8BC9CEB8-8B4A-11D0-8D11-00A0C91BC942}") = "PraktikumPointerDanFriendClass", "PraktikumPointerDanFriendClass.vcxproj", "{00CF6D45-670D-40FF-8E39-7130FD018C08}"
EndProject
Project("{8BC9CEB8-8B4A-11D0-8D11-00A0C91BC942}") = "pointerdanfriendclass2", "..\pointerdanfriendclass2\pointerdanfriendclass2.vcxproj", "{903AF092-3068-44FE-82BF-BF74F179F9FB}"
EndProject
Project("{8BC9CEB8-8B4A-11D0-8D11-00A0C91BC942}") = "Pointerdanfriendclass 3", "..\Pointerdanfriendclass 3\Pointerdanfriendclass 3.vcxproj", "{FAD1F90B-E268-4F28-A244-A4BE5268C93C}"
EndProject
Project("{8BC9CEB8-8B4A-11D0-8D11-00A0C91BC942}") = "pinterdanfriendclass 3", "..\pinterdanfriendclass 3\pinterdanfriendclass 3.vcxproj", "{122CC9D7-C2C6-42DC-919F-7034F6D73F2B}"
EndProject
Global
	GlobalSection(SolutionConfigurationPlatforms) = preSolution
		Debug|x64 = Debug|x64
		Debug|x86 = Debug|x86
		Release|x64 = Release|x64
		Release|x86 = Release|x86
	EndGlobalSection
	GlobalSection(ProjectConfigurationPlatforms) = postSolution
		{00CF6D45-670D-40FF-8E39-7130FD018C08}.Debug|x64.ActiveCfg = Debug|x64
		{00CF6D45-670D-40FF-8E39-7130FD018C08}.Debug|x64.Build.0 = Debug|x64
		{00CF6D45-670D-40FF-8E39-7130FD018C08}.Debug|x86.ActiveCfg = Debug|Win32
		{00CF6D45-670D-40FF-8E39-7130FD018C08}.Debug|x86.Build.0 = Debug|Win32
		{00CF6D45-670D-40FF-8E39-7130FD018C08}.Release|x64.ActiveCfg = Release|x64
		{00CF6D45-670D-40FF-8E39-7130FD018C08}.Release|x64.Build.0 = Release|x64
		{00CF6D45-670D-40FF-8E39-7130FD018C08}.Release|x86.ActiveCfg = Release|Win32
		{00CF6D45-670D-40FF-8E39-7130FD018C08}.Release|x86.Build.0 = Release|Win32
		{903AF092-3068-44FE-82BF-BF74F179F9FB}.Debug|x64.ActiveCfg = Debug|x64
		{903AF092-3068-44FE-82BF-BF74F179F9FB}.Debug|x64.Build.0 = Debug|x64
		{903AF092-3068-44FE-82BF-BF74F179F9FB}.Debug|x86.ActiveCfg = Debug|Win32
		{903AF092-3068-44FE-82BF-BF74F179F9FB}.Debug|x86.Build.0 = Debug|Win32
		{903AF092-3068-44FE-82BF-BF74F179F9FB}.Release|x64.ActiveCfg = Release|x64
		{903AF092-3068-44FE-82BF-BF74F179F9FB}.Release|x64.Build.0 = Release|x64
		{903AF092-3068-44FE-82BF-BF74F179F9FB}.Release|x86.ActiveCfg = Release|Win32
		{903AF092-3068-44FE-82BF-BF74F179F9FB}.Release|x86.Build.0 = Release|Win32
		{FAD1F90B-E268-4F28-A244-A4BE5268C93C}.Debug|x64.ActiveCfg = Debug|x64
		{FAD1F90B-E268-4F28-A244-A4BE5268C93C}.Debug|x64.Build.0 = Debug|x64
		{FAD1F90B-E268-4F28-A244-A4BE5268C93C}.Debug|x86.ActiveCfg = Debug|Win32
		{FAD1F90B-E268-4F28-A244-A4BE5268C93C}.Debug|x86.Build.0 = Debug|Win32
		{FAD1F90B-E268-4F28-A244-A4BE5268C93C}.Release|x64.ActiveCfg = Release|x64
		{FAD1F90B-E268-4F28-A244-A4BE5268C93C}.Release|x64.Build.0 = Release|x64
		{FAD1F90B-E268-4F28-A244-A4BE5268C93C}.Release|x86.ActiveCfg = Release|Win32
		{FAD1F90B-E268-4F28-A244-A4BE5268C93C}.Release|x86.Build.0 = Release|Win32
		{122CC9D7-C2C6-42DC-919F-7034F6D73F2B}.Debug|x64.ActiveCfg = Debug|x64
		{122CC9D7-C2C6-42DC-919F-7034F6D73F2B}.Debug|x64.Build.0 = Debug|x64
		{122CC9D7-C2C6-42DC-919F-7034F6D73F2B}.Debug|x86.ActiveCfg = Debug|Win32
		{122CC9D7-C2C6-42DC-919F-7034F6D73F2B}.Debug|x86.Build.0 = Debug|Win32
		{122CC9D7-C2C6-42DC-919F-7034F6D73F2B}.Release|x64.ActiveCfg = Release|x64
		{122CC9D7-C2C6-42DC-919F-7034F6D73F2B}.Release|x64.Build.0 = Release|x64
		{122CC9D7-C2C6-42DC-919F-7034F6D73F2B}.Release|x86.ActiveCfg = Release|Win32
		{122CC9D7-C2C6-42DC-919F-7034F6D73F2B}.Release|x86.Build.0 = Release|Win32
	EndGlobalSection
	GlobalSection(SolutionProperties) = preSolution
		HideSolutionNode = FALSE
	EndGlobalSection
	GlobalSection(ExtensibilityGlobals) = postSolution
		SolutionGuid = {7437CC56-A60A-4543-9A19-621729DF5A0A}
	EndGlobalSection
EndGlobal
